{
	"name": "@universalweb/utilitylib",
	"version": "1.0.0",
	"lockfileVersion": 2,
	"requires": true,
	"packages": {
		"": {
			"name": "Acid",
			"version": "1.0.0",
			"license": "ISC",
			"bin": {
				"Acid": "index.js"
			}
		}
	},
	"packageManager": "pnpm@10.12.1",
	"description": "Acidjs is a robust, modern, modular, & async focused Javascript utility library. Acidjs includes utilities for all environments: Web Browser, Nodejs, Deno, Web Workers, & Electron.",
	"keywords": [
		"Acid",
		"utility",
		"util",
		"modules",
		"stdlib"
	],
	"homepage": "https://acidjs.com",
	"bugs": {
		"url": "https://github.com/universalweb/utilitylib/issues"
	},
	"repository": {
		"type": "git",
		"url": "git+https://github.com/universalweb/utilitylib.git",
		"directory": "github"
	},
	"company": "Universal Web",
	"readme": "README.md",
	"publishConfig": {
		"access": "public"
	},
	"license": "ISC",
	"maintainers": [
		{
			"name": "UniversalWeb",
			"email": "info@universal.web",
			"url": "uw://universalweb"
		},
		{
			"name": "UniversalWeb",
			"email": "info@universalweb.io"
		}
	]
}